
Microsoft Visual Studio Solution File, Format Version 12.00
# Visual Studio 15
VisualStudioVersion = 15.0.28307.271
MinimumVisualStudioVersion = 10.0.40219.1
Project("{FAE04EC0-301F-11D3-BF4B-00C04F79EFBC}") = "SOLID_Ex", "SOLID_Ex\SOLID_Ex.csproj", "{AB7E732F-0AED-4A3E-AEE5-F83214227A2D}"
EndProject
Global
	GlobalSection(SolutionConfigurationPlatforms) = preSolution
		Debug|Any CPU = Debug|Any CPU
		Release|Any CPU = Release|Any CPU
	EndGlobalSection
	GlobalSection(ProjectConfigurationPlatforms) = postSolution
		{AB7E732F-0AED-4A3E-AEE5-F83214227A2D}.Debug|Any CPU.ActiveCfg = Debug|Any CPU
		{AB7E732F-0AED-4A3E-AEE5-F83214227A2D}.Debug|Any CPU.Build.0 = Debug|Any CPU
		{AB7E732F-0AED-4A3E-AEE5-F83214227A2D}.Release|Any CPU.ActiveCfg = Release|Any CPU
		{AB7E732F-0AED-4A3E-AEE5-F83214227A2D}.Release|Any CPU.Build.0 = Release|Any CPU
	EndGlobalSection
	GlobalSection(SolutionProperties) = preSolution
		HideSolutionNode = FALSE
	EndGlobalSection
	GlobalSection(ExtensibilityGlobals) = postSolution
		SolutionGuid = {0FEB8E12-B87C-4711-A7CC-DEE956383749}
	EndGlobalSection
EndGlobal
